// !$*UTF8*$!
{
	archiveVersion = 1;
	classes = {
	};
	objectVersion = 56;
	objects = {

/* Begin PBXBuildFile section */
		34B65B842C050F8C0032D422 /* AppDelegate.swift in Sources */ = {isa = PBXBuildFile; fileRef = 34B65B832C050F8C0032D422 /* AppDelegate.swift */; };
		34B65B862C050F8C0032D422 /* SceneDelegate.swift in Sources */ = {isa = PBXBuildFile; fileRef = 34B65B852C050F8C0032D422 /* SceneDelegate.swift */; };
		34B65B882C050F8C0032D422 /* ViewController.swift in Sources */ = {isa = PBXBuildFile; fileRef = 34B65B872C050F8C0032D422 /* ViewController.swift */; };
		34B65B8B2C050F8C0032D422 /* Base in Resources */ = {isa = PBXBuildFile; fileRef = 34B65B8A2C050F8C0032D422 /* Base */; };
		34B65B8D2C050F8D0032D422 /* Assets.xcassets in Resources */ = {isa = PBXBuildFile; fileRef = 34B65B8C2C050F8D0032D422 /* Assets.xcassets */; };
		34B65B902C050F8D0032D422 /* Base in Resources */ = {isa = PBXBuildFile; fileRef = 34B65B8F2C050F8D0032D422 /* Base */; };
		34B65B9B2C050F8E0032D422 /* Blessing_PrayerTests.swift in Sources */ = {isa = PBXBuildFile; fileRef = 34B65B9A2C050F8E0032D422 /* Blessing_PrayerTests.swift */; };
		34B65BA52C050F8E0032D422 /* Blessing_PrayerUITests.swift in Sources */ = {isa = PBXBuildFile; fileRef = 34B65BA42C050F8E0032D422 /* Blessing_PrayerUITests.swift */; };
		34B65BA72C050F8E0032D422 /* Blessing_PrayerUITestsLaunchTests.swift in Sources */ = {isa = PBXBuildFile; fileRef = 34B65BA62C050F8E0032D422 /* Blessing_PrayerUITestsLaunchTests.swift */; };
/* End PBXBuildFile section */

/* Begin PBXContainerItemProxy section */
		34B65B972C050F8E0032D422 /* PBXContainerItemProxy */ = {
			isa = PBXContainerItemProxy;
			containerPortal = 34B65B782C050F8C0032D422 /* Project object */;
			proxyType = 1;
			remoteGlobalIDString = 34B65B7F2C050F8C0032D422;
			remoteInfo = "Blessing Prayer";
		};
		34B65BA12C050F8E0032D422 /* PBXContainerItemProxy */ = {
			isa = PBXContainerItemProxy;
			containerPortal = 34B65B782C050F8C0032D422 /* Project object */;
			proxyType = 1;
			remoteGlobalIDString = 34B65B7F2C050F8C0032D422;
			remoteInfo = "Blessing Prayer";
		};
/* End PBXContainerItemProxy section */

/* Begin PBXFileReference section */
		34B65B802C050F8C0032D422 /* Blessing Prayer.app */ = {isa = PBXFileReference; explicitFileType = wrapper.application; includeInIndex = 0; path = "Blessing Prayer.app"; sourceTree = BUILT_PRODUCTS_DIR; };
		34B65B832C050F8C0032D422 /* AppDelegate.swift */ = {isa = PBXFileReference; lastKnownFileType = sourcecode.swift; path = AppDelegate.swift; sourceTree = "<group>"; };
		34B65B852C050F8C0032D422 /* SceneDelegate.swift */ = {isa = PBXFileReference; lastKnownFileType = sourcecode.swift; path = SceneDelegate.swift; sourceTree = "<group>"; };
		34B65B872C050F8C0032D422 /* ViewController.swift */ = {isa = PBXFileReference; lastKnownFileType = sourcecode.swift; path = ViewController.swift; sourceTree = "<group>"; };
		34B65B8A2C050F8C0032D422 /* Base */ = {isa = PBXFileReference; lastKnownFileType = file.storyboard; name = Base; path = Base.lproj/Main.storyboard; sourceTree = "<group>"; };
		34B65B8C2C050F8D0032D422 /* Assets.xcassets */ = {isa = PBXFileReference; lastKnownFileType = folder.assetcatalog; path = Assets.xcassets; sourceTree = "<group>"; };
		34B65B8F2C050F8D0032D422 /* Base */ = {isa = PBXFileReference; lastKnownFileType = file.storyboard; name = Base; path = Base.lproj/LaunchScreen.storyboard; sourceTree = "<group>"; };
		34B65B912C050F8D0032D422 /* Info.plist */ = {isa = PBXFileReference; lastKnownFileType = text.plist.xml; path = Info.plist; sourceTree = "<group>"; };
		34B65B962C050F8E0032D422 /* Blessing PrayerTests.xctest */ = {isa = PBXFileReference; explicitFileType = wrapper.cfbundle; includeInIndex = 0; path = "Blessing PrayerTests.xctest"; sourceTree = BUILT_PRODUCTS_DIR; };
		34B65B9A2C050F8E0032D422 /* Blessing_PrayerTests.swift */ = {isa = PBXFileReference; lastKnownFileType = sourcecode.swift; path = Blessing_PrayerTests.swift; sourceTree = "<group>"; };
		34B65BA02C050F8E0032D422 /* Blessing PrayerUITests.xctest */ = {isa = PBXFileReference; explicitFileType = wrapper.cfbundle; includeInIndex = 0; path = "Blessing PrayerUITests.xctest"; sourceTree = BUILT_PRODUCTS_DIR; };
		34B65BA42C050F8E0032D422 /* Blessing_PrayerUITests.swift */ = {isa = PBXFileReference; lastKnownFileType = sourcecode.swift; path = Blessing_PrayerUITests.swift; sourceTree = "<group>"; };
		34B65BA62C050F8E0032D422 /* Blessing_PrayerUITestsLaunchTests.swift */ = {isa = PBXFileReference; lastKnownFileType = sourcecode.swift; path = Blessing_PrayerUITestsLaunchTests.swift; sourceTree = "<group>"; };
/* End PBXFileReference section */

/* Begin PBXFrameworksBuildPhase section */
		34B65B7D2C050F8C0032D422 /* Frameworks */ = {
			isa = PBXFrameworksBuildPhase;
			buildActionMask = 2147483647;
			files = (
			);
			runOnlyForDeploymentPostprocessing = 0;
		};
		34B65B932C050F8E0032D422 /* Frameworks */ = {
			isa = PBXFrameworksBuildPhase;
			buildActionMask = 2147483647;
			files = (
			);
			runOnlyForDeploymentPostprocessing = 0;
		};
		34B65B9D2C050F8E0032D422 /* Frameworks */ = {
			isa = PBXFrameworksBuildPhase;
			buildActionMask = 2147483647;
			files = (
			);
			runOnlyForDeploymentPostprocessing = 0;
		};
/* End PBXFrameworksBuildPhase section */

/* Begin PBXGroup section */
		34B65B772C050F8C0032D422 = {
			isa = PBXGroup;
			children = (
				34B65B822C050F8C0032D422 /* Blessing Prayer */,
				34B65B992C050F8E0032D422 /* Blessing PrayerTests */,
				34B65BA32C050F8E0032D422 /* Blessing PrayerUITests */,
				34B65B812C050F8C0032D422 /* Products */,
			);
			sourceTree = "<group>";
		};
		34B65B812C050F8C0032D422 /* Products */ = {
			isa = PBXGroup;
			children = (
				34B65B802C050F8C0032D422 /* Blessing Prayer.app */,
				34B65B962C050F8E0032D422 /* Blessing PrayerTests.xctest */,
				34B65BA02C050F8E0032D422 /* Blessing PrayerUITests.xctest */,
			);
			name = Products;
			sourceTree = "<group>";
		};
		34B65B822C050F8C0032D422 /* Blessing Prayer */ = {
			isa = PBXGroup;
			children = (
				34B65B832C050F8C0032D422 /* AppDelegate.swift */,
				34B65B852C050F8C0032D422 /* SceneDelegate.swift */,
				34B65B872C050F8C0032D422 /* ViewController.swift */,
				34B65B892C050F8C0032D422 /* Main.storyboard */,
				34B65B8C2C050F8D0032D422 /* Assets.xcassets */,
				34B65B8E2C050F8D0032D422 /* LaunchScreen.storyboard */,
				34B65B912C050F8D0032D422 /* Info.plist */,
			);
			path = "Blessing Prayer";
			sourceTree = "<group>";
		};
		34B65B992C050F8E0032D422 /* Blessing PrayerTests */ = {
			isa = PBXGroup;
			children = (
				34B65B9A2C050F8E0032D422 /* Blessing_PrayerTests.swift */,
			);
			path = "Blessing PrayerTests";
			sourceTree = "<group>";
		};
		34B65BA32C050F8E0032D422 /* Blessing PrayerUITests */ = {
			isa = PBXGroup;
			children = (
				34B65BA42C050F8E0032D422 /* Blessing_PrayerUITests.swift */,
				34B65BA62C050F8E0032D422 /* Blessing_PrayerUITestsLaunchTests.swift */,
			);
			path = "Blessing PrayerUITests";
			sourceTree = "<group>";
		};
/* End PBXGroup section */

/* Begin PBXNativeTarget section */
		34B65B7F2C050F8C0032D422 /* Blessing Prayer */ = {
			isa = PBXNativeTarget;
			buildConfigurationList = 34B65BAA2C050F8E0032D422 /* Build configuration list for PBXNativeTarget "Blessing Prayer" */;
			buildPhases = (
				34B65B7C2C050F8C0032D422 /* Sources */,
				34B65B7D2C050F8C0032D422 /* Frameworks */,
				34B65B7E2C050F8C0032D422 /* Resources */,
			);
			buildRules = (
			);
			dependencies = (
			);
			name = "Blessing Prayer";
			productName = "Blessing Prayer";
			productReference = 34B65B802C050F8C0032D422 /* Blessing Prayer.app */;
			productType = "com.apple.product-type.application";
		};
		34B65B952C050F8E0032D422 /* Blessing PrayerTests */ = {
			isa = PBXNativeTarget;
			buildConfigurationList = 34B65BAD2C050F8E0032D422 /* Build configuration list for PBXNativeTarget "Blessing PrayerTests" */;
			buildPhases = (
				34B65B922C050F8E0032D422 /* Sources */,
				34B65B932C050F8E0032D422 /* Frameworks */,
				34B65B942C050F8E0032D422 /* Resources */,
			);
			buildRules = (
			);
			dependencies = (
				34B65B982C050F8E0032D422 /* PBXTargetDependency */,
			);
			name = "Blessing PrayerTests";
			productName = "Blessing PrayerTests";
			productReference = 34B65B962C050F8E0032D422 /* Blessing PrayerTests.xctest */;
			productType = "com.apple.product-type.bundle.unit-test";
		};
		34B65B9F2C050F8E0032D422 /* Blessing PrayerUITests */ = {
			isa = PBXNativeTarget;
			buildConfigurationList = 34B65BB02C050F8E0032D422 /* Build configuration list for PBXNativeTarget "Blessing PrayerUITests" */;
			buildPhases = (
				34B65B9C2C050F8E0032D422 /* Sources */,
				34B65B9D2C050F8E0032D422 /* Frameworks */,
				34B65B9E2C050F8E0032D422 /* Resources */,
			);
			buildRules = (
			);
			dependencies = (
				34B65BA22C050F8E0032D422 /* PBXTargetDependency */,
			);
			name = "Blessing PrayerUITests";
			productName = "Blessing PrayerUITests";
			productReference = 34B65BA02C050F8E0032D422 /* Blessing PrayerUITests.xctest */;
			productType = "com.apple.product-type.bundle.ui-testing";
		};
/* End PBXNativeTarget section */

/* Begin PBXProject section */
		34B65B782C050F8C0032D422 /* Project object */ = {
			isa = PBXProject;
			attributes = {
				BuildIndependentTargetsInParallel = 1;
				LastSwiftUpdateCheck = 1530;
				LastUpgradeCheck = 1530;
				TargetAttributes = {
					34B65B7F2C050F8C0032D422 = {
						CreatedOnToolsVersion = 15.3;
					};
					34B65B952C050F8E0032D422 = {
						CreatedOnToolsVersion = 15.3;
						TestTargetID = 34B65B7F2C050F8C0032D422;
					};
					34B65B9F2C050F8E0032D422 = {
						CreatedOnToolsVersion = 15.3;
						TestTargetID = 34B65B7F2C050F8C0032D422;
					};
				};
			};
			buildConfigurationList = 34B65B7B2C050F8C0032D422 /* Build configuration list for PBXProject "Blessing Prayer" */;
			compatibilityVersion = "Xcode 14.0";
			developmentRegion = en;
			hasScannedForEncodings = 0;
			knownRegions = (
				en,
				Base,
			);
			mainGroup = 34B65B772C050F8C0032D422;
			productRefGroup = 34B65B812C050F8C0032D422 /* Products */;
			projectDirPath = "";
			projectRoot = "";
			targets = (
				34B65B7F2C050F8C0032D422 /* Blessing Prayer */,
				34B65B952C050F8E0032D422 /* Blessing PrayerTests */,
				34B65B9F2C050F8E0032D422 /* Blessing PrayerUITests */,
			);
		};
/* End PBXProject section */

/* Begin PBXResourcesBuildPhase section */
		34B65B7E2C050F8C0032D422 /* Resources */ = {
			isa = PBXResourcesBuildPhase;
			buildActionMask = 2147483647;
			files = (
				34B65B8D2C050F8D0032D422 /* Assets.xcassets in Resources */,
				34B65B902C050F8D0032D422 /* Base in Resources */,
				34B65B8B2C050F8C0032D422 /* Base in Resources */,
			);
			runOnlyForDeploymentPostprocessing = 0;
		};
		34B65B942C050F8E0032D422 /* Resources */ = {
			isa = PBXResourcesBuildPhase;
			buildActionMask = 2147483647;
			files = (
			);
			runOnlyForDeploymentPostprocessing = 0;
		};
		34B65B9E2C050F8E0032D422 /* Resources */ = {
			isa = PBXResourcesBuildPhase;
			buildActionMask = 2147483647;
			files = (
			);
			runOnlyForDeploymentPostprocessing = 0;
		};
/* End PBXResourcesBuildPhase section */

/* Begin PBXSourcesBuildPhase section */
		34B65B7C2C050F8C0032D422 /* Sources */ = {
			isa = PBXSourcesBuildPhase;
			buildActionMask = 2147483647;
			files = (
				34B65B882C050F8C0032D422 /* ViewController.swift in Sources */,
				34B65B842C050F8C0032D422 /* AppDelegate.swift in Sources */,
				34B65B862C050F8C0032D422 /* SceneDelegate.swift in Sources */,
			);
			runOnlyForDeploymentPostprocessing = 0;
		};
		34B65B922C050F8E0032D422 /* Sources */ = {
			isa = PBXSourcesBuildPhase;
			buildActionMask = 2147483647;
			files = (
				34B65B9B2C050F8E0032D422 /* Blessing_PrayerTests.swift in Sources */,
			);
			runOnlyForDeploymentPostprocessing = 0;
		};
		34B65B9C2C050F8E0032D422 /* Sources */ = {
			isa = PBXSourcesBuildPhase;
			buildActionMask = 2147483647;
			files = (
				34B65BA72C050F8E0032D422 /* Blessing_PrayerUITestsLaunchTests.swift in Sources */,
				34B65BA52C050F8E0032D422 /* Blessing_PrayerUITests.swift in Sources */,
			);
			runOnlyForDeploymentPostprocessing = 0;
		};
/* End PBXSourcesBuildPhase section */

/* Begin PBXTargetDependency section */
		34B65B982C050F8E0032D422 /* PBXTargetDependency */ = {
			isa = PBXTargetDependency;
			target = 34B65B7F2C050F8C0032D422 /* Blessing Prayer */;
			targetProxy = 34B65B972C050F8E0032D422 /* PBXContainerItemProxy */;
		};
		34B65BA22C050F8E0032D422 /* PBXTargetDependency */ = {
			isa = PBXTargetDependency;
			target = 34B65B7F2C050F8C0032D422 /* Blessing Prayer */;
			targetProxy = 34B65BA12C050F8E0032D422 /* PBXContainerItemProxy */;
		};
/* End PBXTargetDependency section */

/* Begin PBXVariantGroup section */
		34B65B892C050F8C0032D422 /* Main.storyboard */ = {
			isa = PBXVariantGroup;
			children = (
				34B65B8A2C050F8C0032D422 /* Base */,
			);
			name = Main.storyboard;
			sourceTree = "<group>";
		};
		34B65B8E2C050F8D0032D422 /* LaunchScreen.storyboard */ = {
			isa = PBXVariantGroup;
			children = (
				34B65B8F2C050F8D0032D422 /* Base */,
			);
			name = LaunchScreen.storyboard;
			sourceTree = "<group>";
		};
/* End PBXVariantGroup section */

/* Begin XCBuildConfiguration section */
		34B65BA82C050F8E0032D422 /* Debug */ = {
			isa = XCBuildConfiguration;
			buildSettings = {
				ALWAYS_SEARCH_USER_PATHS = NO;
				ASSETCATALOG_COMPILER_GENERATE_SWIFT_ASSET_SYMBOL_EXTENSIONS = YES;
				CLANG_ANALYZER_NONNULL = YES;
				CLANG_ANALYZER_NUMBER_OBJECT_CONVERSION = YES_AGGRESSIVE;
				CLANG_CXX_LANGUAGE_STANDARD = "gnu++20";
				CLANG_ENABLE_MODULES = YES;
				CLANG_ENABLE_OBJC_ARC = YES;
				CLANG_ENABLE_OBJC_WEAK = YES;
				CLANG_WARN_BLOCK_CAPTURE_AUTORELEASING = YES;
				CLANG_WARN_BOOL_CONVERSION = YES;
				CLANG_WARN_COMMA = YES;
				CLANG_WARN_CONSTANT_CONVERSION = YES;
				CLANG_WARN_DEPRECATED_OBJC_IMPLEMENTATIONS = YES;
				CLANG_WARN_DIRECT_OBJC_ISA_USAGE = YES_ERROR;
				CLANG_WARN_DOCUMENTATION_COMMENTS = YES;
				CLANG_WARN_EMPTY_BODY = YES;
				CLANG_WARN_ENUM_CONVERSION = YES;
				CLANG_WARN_INFINITE_RECURSION = YES;
				CLANG_WARN_INT_CONVERSION = YES;
				CLANG_WARN_NON_LITERAL_NULL_CONVERSION = YES;
				CLANG_WARN_OBJC_IMPLICIT_RETAIN_SELF = YES;
				CLANG_WARN_OBJC_LITERAL_CONVERSION = YES;
				CLANG_WARN_OBJC_ROOT_CLASS = YES_ERROR;
				CLANG_WARN_QUOTED_INCLUDE_IN_FRAMEWORK_HEADER = YES;
				CLANG_WARN_RANGE_LOOP_ANALYSIS = YES;
				CLANG_WARN_STRICT_PROTOTYPES = YES;
				CLANG_WARN_SUSPICIOUS_MOVE = YES;
				CLANG_WARN_UNGUARDED_AVAILABILITY = YES_AGGRESSIVE;
				CLANG_WARN_UNREACHABLE_CODE = YES;
				CLANG_WARN__DUPLICATE_METHOD_MATCH = YES;
				COPY_PHASE_STRIP = NO;
				DEBUG_INFORMATION_FORMAT = dwarf;
				ENABLE_STRICT_OBJC_MSGSEND = YES;
				ENABLE_TESTABILITY = YES;
				ENABLE_USER_SCRIPT_SANDBOXING = YES;
				GCC_C_LANGUAGE_STANDARD = gnu17;
				GCC_DYNAMIC_NO_PIC = NO;
				GCC_NO_COMMON_BLOCKS = YES;
				GCC_OPTIMIZATION_LEVEL = 0;
				GCC_PREPROCESSOR_DEFINITIONS = (
					"DEBUG=1",
					"$(inherited)",
				);
				GCC_WARN_64_TO_32_BIT_CONVERSION = YES;
				GCC_WARN_ABOUT_RETURN_TYPE = YES_ERROR;
				GCC_WARN_UNDECLARED_SELECTOR = YES;
				GCC_WARN_UNINITIALIZED_AUTOS = YES_AGGRESSIVE;
				GCC_WARN_UNUSED_FUNCTION = YES;
				GCC_WARN_UNUSED_VARIABLE = YES;
				IPHONEOS_DEPLOYMENT_TARGET = 17.4;
				LOCALIZATION_PREFERS_STRING_CATALOGS = YES;
				MTL_ENABLE_DEBUG_INFO = INCLUDE_SOURCE;
				MTL_FAST_MATH = YES;
				ONLY_ACTIVE_ARCH = YES;
				SDKROOT = iphoneos;
				SWIFT_ACTIVE_COMPILATION_CONDITIONS = "DEBUG $(inherited)";
				SWIFT_OPTIMIZATION_LEVEL = "-Onone";
			};
			name = Debug;
		};
		34B65BA92C050F8E0032D422 /* Release */ = {
			isa = XCBuildConfiguration;
			buildSettings = {
				ALWAYS_SEARCH_USER_PATHS = NO;
				ASSETCATALOG_COMPILER_GENERATE_SWIFT_ASSET_SYMBOL_EXTENSIONS = YES;
				CLANG_ANALYZER_NONNULL = YES;
				CLANG_ANALYZER_NUMBER_OBJECT_CONVERSION = YES_AGGRESSIVE;
				CLANG_CXX_LANGUAGE_STANDARD = "gnu++20";
				CLANG_ENABLE_MODULES = YES;
				CLANG_ENABLE_OBJC_ARC = YES;
				CLANG_ENABLE_OBJC_WEAK = YES;
				CLANG_WARN_BLOCK_CAPTURE_AUTORELEASING = YES;
				CLANG_WARN_BOOL_CONVERSION = YES;
				CLANG_WARN_COMMA = YES;
				CLANG_WARN_CONSTANT_CONVERSION = YES;
				CLANG_WARN_DEPRECATED_OBJC_IMPLEMENTATIONS = YES;
				CLANG_WARN_DIRECT_OBJC_ISA_USAGE = YES_ERROR;
				CLANG_WARN_DOCUMENTATION_COMMENTS = YES;
				CLANG_WARN_EMPTY_BODY = YES;
				CLANG_WARN_ENUM_CONVERSION = YES;
				CLANG_WARN_INFINITE_RECURSION = YES;
				CLANG_WARN_INT_CONVERSION = YES;
				CLANG_WARN_NON_LITERAL_NULL_CONVERSION = YES;
				CLANG_WARN_OBJC_IMPLICIT_RETAIN_SELF = YES;
				CLANG_WARN_OBJC_LITERAL_CONVERSION = YES;
				CLANG_WARN_OBJC_ROOT_CLASS = YES_ERROR;
				CLANG_WARN_QUOTED_INCLUDE_IN_FRAMEWORK_HEADER = YES;
				CLANG_WARN_RANGE_LOOP_ANALYSIS = YES;
				CLANG_WARN_STRICT_PROTOTYPES = YES;
				CLANG_WARN_SUSPICIOUS_MOVE = YES;
				CLANG_WARN_UNGUARDED_AVAILABILITY = YES_AGGRESSIVE;
				CLANG_WARN_UNREACHABLE_CODE = YES;
				CLANG_WARN__DUPLICATE_METHOD_MATCH = YES;
				COPY_PHASE_STRIP = NO;
				DEBUG_INFORMATION_FORMAT = "dwarf-with-dsym";
				ENABLE_NS_ASSERTIONS = NO;
				ENABLE_STRICT_OBJC_MSGSEND = YES;
				ENABLE_USER_SCRIPT_SANDBOXING = YES;
				GCC_C_LANGUAGE_STANDARD = gnu17;
				GCC_NO_COMMON_BLOCKS = YES;
				GCC_WARN_64_TO_32_BIT_CONVERSION = YES;
				GCC_WARN_ABOUT_RETURN_TYPE = YES_ERROR;
				GCC_WARN_UNDECLARED_SELECTOR = YES;
				GCC_WARN_UNINITIALIZED_AUTOS = YES_AGGRESSIVE;
				GCC_WARN_UNUSED_FUNCTION = YES;
				GCC_WARN_UNUSED_VARIABLE = YES;
				IPHONEOS_DEPLOYMENT_TARGET = 17.4;
				LOCALIZATION_PREFERS_STRING_CATALOGS = YES;
				MTL_ENABLE_DEBUG_INFO = NO;
				MTL_FAST_MATH = YES;
				SDKROOT = iphoneos;
				SWIFT_COMPILATION_MODE = wholemodule;
				VALIDATE_PRODUCT = YES;
			};
			name = Release;
		};
		34B65BAB2C050F8E0032D422 /* Debug */ = {
			isa = XCBuildConfiguration;
			buildSettings = {
				ASSETCATALOG_COMPILER_APPICON_NAME = AppIcon;
				ASSETCATALOG_COMPILER_GLOBAL_ACCENT_COLOR_NAME = AccentColor;
				CODE_SIGN_STYLE = Automatic;
				CURRENT_PROJECT_VERSION = 1;
				DEVELOPMENT_TEAM = B8C453N3ZW;
				GENERATE_INFOPLIST_FILE = YES;
				INFOPLIST_FILE = "Blessing Prayer/Info.plist";
				INFOPLIST_KEY_UIApplicationSupportsIndirectInputEvents = YES;
				INFOPLIST_KEY_UILaunchStoryboardName = LaunchScreen;
				INFOPLIST_KEY_UIMainStoryboardFile = Main;
				INFOPLIST_KEY_UISupportedInterfaceOrientations_iPad = "UIInterfaceOrientationPortrait UIInterfaceOrientationPortraitUpsideDown UIInterfaceOrientationLandscapeLeft UIInterfaceOrientationLandscapeRight";
				INFOPLIST_KEY_UISupportedInterfaceOrientations_iPhone = "UIInterfaceOrientationPortrait UIInterfaceOrientationLandscapeLeft UIInterfaceOrientationLandscapeRight";
				LD_RUNPATH_SEARCH_PATHS = (
					"$(inherited)",
					"@executable_path/Frameworks",
				);
				MARKETING_VERSION = 1.0;
				PRODUCT_BUNDLE_IDENTIFIER = "co.giftedbookstore.Blessing-Prayer";
				PRODUCT_NAME = "$(TARGET_NAME)";
				SWIFT_EMIT_LOC_STRINGS = YES;
				SWIFT_VERSION = 5.0;
				TARGETED_DEVICE_FAMILY = "1,2";
			};
			name = Debug;
		};
		34B65BAC2C050F8E0032D422 /* Release */ = {
			isa = XCBuildConfiguration;
			buildSettings = {
				ASSETCATALOG_COMPILER_APPICON_NAME = AppIcon;
				ASSETCATALOG_COMPILER_GLOBAL_ACCENT_COLOR_NAME = AccentColor;
				CODE_SIGN_STYLE = Automatic;
				CURRENT_PROJECT_VERSION = 1;
				DEVELOPMENT_TEAM = B8C453N3ZW;
				GENERATE_INFOPLIST_FILE = YES;
				INFOPLIST_FILE = "Blessing Prayer/Info.plist";
				INFOPLIST_KEY_UIApplicationSupportsIndirectInputEvents = YES;
				INFOPLIST_KEY_UILaunchStoryboardName = LaunchScreen;
				INFOPLIST_KEY_UIMainStoryboardFile = Main;
				INFOPLIST_KEY_UISupportedInterfaceOrientations_iPad = "UIInterfaceOrientationPortrait UIInterfaceOrientationPortraitUpsideDown UIInterfaceOrientationLandscapeLeft UIInterfaceOrientationLandscapeRight";
				INFOPLIST_KEY_UISupportedInterfaceOrientations_iPhone = "UIInterfaceOrientationPortrait UIInterfaceOrientationLandscapeLeft UIInterfaceOrientationLandscapeRight";
				LD_RUNPATH_SEARCH_PATHS = (
					"$(inherited)",
					"@executable_path/Frameworks",
				);
				MARKETING_VERSION = 1.0;
				PRODUCT_BUNDLE_IDENTIFIER = "co.giftedbookstore.Blessing-Prayer";
				PRODUCT_NAME = "$(TARGET_NAME)";
				SWIFT_EMIT_LOC_STRINGS = YES;
				SWIFT_VERSION = 5.0;
				TARGETED_DEVICE_FAMILY = "1,2";
			};
			name = Release;
		};
		34B65BAE2C050F8E0032D422 /* Debug */ = {
			isa = XCBuildConfiguration;
			buildSettings = {
				ALWAYS_EMBED_SWIFT_STANDARD_LIBRARIES = YES;
				BUNDLE_LOADER = "$(TEST_HOST)";
				CODE_SIGN_STYLE = Automatic;
				CURRENT_PROJECT_VERSION = 1;
				DEVELOPMENT_TEAM = B8C453N3ZW;
				GENERATE_INFOPLIST_FILE = YES;
				IPHONEOS_DEPLOYMENT_TARGET = 17.4;
				MARKETING_VERSION = 1.0;
				PRODUCT_BUNDLE_IDENTIFIER = "co.giftedbookstore.Blessing-PrayerTests";
				PRODUCT_NAME = "$(TARGET_NAME)";
				SWIFT_EMIT_LOC_STRINGS = NO;
				SWIFT_VERSION = 5.0;
				TARGETED_DEVICE_FAMILY = "1,2";
				TEST_HOST = "$(BUILT_PRODUCTS_DIR)/Blessing Prayer.app/$(BUNDLE_EXECUTABLE_FOLDER_PATH)/Blessing Prayer";
			};
			name = Debug;
		};
		34B65BAF2C050F8E0032D422 /* Release */ = {
			isa = XCBuildConfiguration;
			buildSettings = {
				ALWAYS_EMBED_SWIFT_STANDARD_LIBRARIES = YES;
				BUNDLE_LOADER = "$(TEST_HOST)";
				CODE_SIGN_STYLE = Automatic;
				CURRENT_PROJECT_VERSION = 1;
				DEVELOPMENT_TEAM = B8C453N3ZW;
				GENERATE_INFOPLIST_FILE = YES;
				IPHONEOS_DEPLOYMENT_TARGET = 17.4;
				MARKETING_VERSION = 1.0;
				PRODUCT_BUNDLE_IDENTIFIER = "co.giftedbookstore.Blessing-PrayerTests";
				PRODUCT_NAME = "$(TARGET_NAME)";
				SWIFT_EMIT_LOC_STRINGS = NO;
				SWIFT_VERSION = 5.0;
				TARGETED_DEVICE_FAMILY = "1,2";
				TEST_HOST = "$(BUILT_PRODUCTS_DIR)/Blessing Prayer.app/$(BUNDLE_EXECUTABLE_FOLDER_PATH)/Blessing Prayer";
			};
			name = Release;
		};
		34B65BB12C050F8E0032D422 /* Debug */ = {
			isa = XCBuildConfiguration;
			buildSettings = {
				ALWAYS_EMBED_SWIFT_STANDARD_LIBRARIES = YES;
				CODE_SIGN_STYLE = Automatic;
				CURRENT_PROJECT_VERSION = 1;
				DEVELOPMENT_TEAM = B8C453N3ZW;
				GENERATE_INFOPLIST_FILE = YES;
				MARKETING_VERSION = 1.0;
				PRODUCT_BUNDLE_IDENTIFIER = "co.giftedbookstore.Blessing-PrayerUITests";
				PRODUCT_NAME = "$(TARGET_NAME)";
				SWIFT_EMIT_LOC_STRINGS = NO;
				SWIFT_VERSION = 5.0;
				TARGETED_DEVICE_FAMILY = "1,2";
				TEST_TARGET_NAME = "Blessing Prayer";
			};
			name = Debug;
		};
		34B65BB22C050F8E0032D422 /* Release */ = {
			isa = XCBuildConfiguration;
			buildSettings = {
				ALWAYS_EMBED_SWIFT_STANDARD_LIBRARIES = YES;
				CODE_SIGN_STYLE = Automatic;
				CURRENT_PROJECT_VERSION = 1;
				DEVELOPMENT_TEAM = B8C453N3ZW;
				GENERATE_INFOPLIST_FILE = YES;
				MARKETING_VERSION = 1.0;
				PRODUCT_BUNDLE_IDENTIFIER = "co.giftedbookstore.Blessing-PrayerUITests";
				PRODUCT_NAME = "$(TARGET_NAME)";
				SWIFT_EMIT_LOC_STRINGS = NO;
				SWIFT_VERSION = 5.0;
				TARGETED_DEVICE_FAMILY = "1,2";
				TEST_TARGET_NAME = "Blessing Prayer";
			};
			name = Release;
		};
/* End XCBuildConfiguration section */

/* Begin XCConfigurationList section */
		34B65B7B2C050F8C0032D422 /* Build configuration list for PBXProject "Blessing Prayer" */ = {
			isa = XCConfigurationList;
			buildConfigurations = (
				34B65BA82C050F8E0032D422 /* Debug */,
				34B65BA92C050F8E0032D422 /* Release */,
			);
			defaultConfigurationIsVisible = 0;
			defaultConfigurationName = Release;
		};
		34B65BAA2C050F8E0032D422 /* Build configuration list for PBXNativeTarget "Blessing Prayer" */ = {
			isa = XCConfigurationList;
			buildConfigurations = (
				34B65BAB2C050F8E0032D422 /* Debug */,
				34B65BAC2C050F8E0032D422 /* Release */,
			);
			defaultConfigurationIsVisible = 0;
			defaultConfigurationName = Release;
		};
		34B65BAD2C050F8E0032D422 /* Build configuration list for PBXNativeTarget "Blessing PrayerTests" */ = {
			isa = XCConfigurationList;
			buildConfigurations = (
				34B65BAE2C050F8E0032D422 /* Debug */,
				34B65BAF2C050F8E0032D422 /* Release */,
			);
			defaultConfigurationIsVisible = 0;
			defaultConfigurationName = Release;
		};
		34B65BB02C050F8E0032D422 /* Build configuration list for PBXNativeTarget "Blessing PrayerUITests" */ = {
			isa = XCConfigurationList;
			buildConfigurations = (
				34B65BB12C050F8E0032D422 /* Debug */,
				34B65BB22C050F8E0032D422 /* Release */,
			);
			defaultConfigurationIsVisible = 0;
			defaultConfigurationName = Release;
		};
/* End XCConfigurationList section */
	};
	rootObject = 34B65B782C050F8C0032D422 /* Project object */;
}
